
Microsoft Visual Studio Solution File, Format Version 12.00
# Visual Studio 15
VisualStudioVersion = 15.0.28307.902
MinimumVisualStudioVersion = 10.0.40219.1
Project("{FAE04EC0-301F-11D3-BF4B-00C04F79EFBC}") = "OSC_Test", "OSC_Test.csproj", "{B6100CF0-3575-4D21-9039-18931C4DF126}"
EndProject
Global
	GlobalSection(SolutionConfigurationPlatforms) = preSolution
		Debug|Any CPU = Debug|Any CPU
		Release|Any CPU = Release|Any CPU
	EndGlobalSection
	GlobalSection(ProjectConfigurationPlatforms) = postSolution
		{B6100CF0-3575-4D21-9039-18931C4DF126}.Debug|Any CPU.ActiveCfg = Debug|Any CPU
		{B6100CF0-3575-4D21-9039-18931C4DF126}.Debug|Any CPU.Build.0 = Debug|Any CPU
		{B6100CF0-3575-4D21-9039-18931C4DF126}.Release|Any CPU.ActiveCfg = Release|Any CPU
		{B6100CF0-3575-4D21-9039-18931C4DF126}.Release|Any CPU.Build.0 = Release|Any CPU
	EndGlobalSection
	GlobalSection(SolutionProperties) = preSolution
		HideSolutionNode = FALSE
	EndGlobalSection
	GlobalSection(ExtensibilityGlobals) = postSolution
		SolutionGuid = {41B9F946-9B12-4379-A36F-9E90F0845190}
	EndGlobalSection
EndGlobal
